
Microsoft Visual Studio Solution File, Format Version 12.00
# Visual Studio Version 17
VisualStudioVersion = 17.9.34714.143
MinimumVisualStudioVersion = 10.0.40219.1
Project("{FAE04EC0-301F-11D3-BF4B-00C04F79EFBC}") = "WebAppProject1", "WebAppProject1.csproj", "{1213D68B-413D-498E-A09F-9990BC547930}"
EndProject
Global
	GlobalSection(SolutionConfigurationPlatforms) = preSolution
		Debug|Any CPU = Debug|Any CPU
		Release|Any CPU = Release|Any CPU
	EndGlobalSection
	GlobalSection(ProjectConfigurationPlatforms) = postSolution
		{1213D68B-413D-498E-A09F-9990BC547930}.Debug|Any CPU.ActiveCfg = Debug|Any CPU
		{1213D68B-413D-498E-A09F-9990BC547930}.Debug|Any CPU.Build.0 = Debug|Any CPU
		{1213D68B-413D-498E-A09F-9990BC547930}.Release|Any CPU.ActiveCfg = Release|Any CPU
		{1213D68B-413D-498E-A09F-9990BC547930}.Release|Any CPU.Build.0 = Release|Any CPU
	EndGlobalSection
	GlobalSection(SolutionProperties) = preSolution
		HideSolutionNode = FALSE
	EndGlobalSection
	GlobalSection(ExtensibilityGlobals) = postSolution
		SolutionGuid = {B10C1D85-18A0-4D6F-8620-FAA55E29E5A2}
	EndGlobalSection
EndGlobal
